
Microsoft Visual Studio Solution File, Format Version 12.00
# Visual Studio Version 17
VisualStudioVersion = 17.4.33122.133
MinimumVisualStudioVersion = 10.0.40219.1
Project("{9A19103F-16F7-4668-BE54-9A1E7A4F7556}") = "BL.Students.Api", "BL.Students.Api\BL.Students.Api.csproj", "{413CBA6E-B2B1-4860-8636-BEE55B9A2732}"
EndProject
Project("{9A19103F-16F7-4668-BE54-9A1E7A4F7556}") = "BL.IdentityServer", "BL.IdentityServer\BL.IdentityServer.csproj", "{9D371CD9-F817-4A78-96D8-9AA98DA1AFC8}"
EndProject
Project("{9A19103F-16F7-4668-BE54-9A1E7A4F7556}") = "BL.IdentityServer.Domain", "BL.IdentityServer.Domain\BL.IdentityServer.Domain.csproj", "{541C2C6C-3322-4EE3-BDAC-506B262A9A95}"
EndProject
Project("{9A19103F-16F7-4668-BE54-9A1E7A4F7556}") = "BL.IdentityServer.Application", "BL.IdentityServer.Application\BL.IdentityServer.Application.csproj", "{20D1DEFD-CD55-4ED2-9911-5E364E69BCD4}"
EndProject
Project("{2150E333-8FDC-42A3-9474-1A3956D46DE8}") = "src", "src", "{72619EA6-1475-450E-9B5E-0C57F25A806E}"
EndProject
Project("{2150E333-8FDC-42A3-9474-1A3956D46DE8}") = "tests", "tests", "{34E40DB0-1AEC-4FEB-9741-995170CD7764}"
EndProject
Project("{9A19103F-16F7-4668-BE54-9A1E7A4F7556}") = "BL.IdentityServer.Domain.Test", "tests\BL.IdentityServer.Domain.Test\BL.IdentityServer.Domain.Test.csproj", "{6435EA5C-59F0-46BC-9898-9E36A65BCC02}"
EndProject
Project("{2150E333-8FDC-42A3-9474-1A3956D46DE8}") = "Solution Items", "Solution Items", "{B6557EFB-78C7-4E69-B841-366309D57C16}"
	ProjectSection(SolutionItems) = preProject
		docker-compose.yml = docker-compose.yml
		..\README.md = ..\README.md
	EndProjectSection
EndProject
Project("{9A19103F-16F7-4668-BE54-9A1E7A4F7556}") = "BL.IdentityServer.Infrastructure", "BL.IdentityServer.Infrastructure\BL.IdentityServer.Infrastructure.csproj", "{7C6048C4-E6B6-4E13-9427-C18C7510C29F}"
EndProject
Project("{9A19103F-16F7-4668-BE54-9A1E7A4F7556}") = "BL.IdentityServer.Infrastructure.Test", "tests\BL.IdentityServer.Infrastructure.Test\BL.IdentityServer.Infrastructure.Test.csproj", "{FE4FA4A1-4C68-4FD4-A489-6BD4E2D23B8D}"
EndProject
Project("{9A19103F-16F7-4668-BE54-9A1E7A4F7556}") = "BL.IdentityServer.Application.Test", "tests\BL.IdentityServer.Application.Test\BL.IdentityServer.Application.Test.csproj", "{3B4A9983-EA6E-4A9A-A3C9-6C1CC1EC7F4B}"
EndProject
Project("{9A19103F-16F7-4668-BE54-9A1E7A4F7556}") = "BL.Students.Domain", "BL.Students.Domain\BL.Students.Domain.csproj", "{9F2ED3AF-9A69-4664-83D6-7C9C86B9A23A}"
EndProject
Project("{9A19103F-16F7-4668-BE54-9A1E7A4F7556}") = "BL.Students.Application", "BL.Students.Application\BL.Students.Application.csproj", "{8C7D8209-6CC3-4037-8BB8-4519EB8B8728}"
EndProject
Project("{9A19103F-16F7-4668-BE54-9A1E7A4F7556}") = "BL.Students.Infrastructure", "BL.Students.Infrastructure\BL.Students.Infrastructure.csproj", "{8DB4043C-B4E5-46EC-A7F7-37A3602EF95F}"
EndProject
Project("{9A19103F-16F7-4668-BE54-9A1E7A4F7556}") = "BL.Students.Domain.Test", "tests\BL.Students.Domain.Test\BL.Students.Domain.Test.csproj", "{F1C346A3-D359-4490-97C3-52D5C69B41B5}"
EndProject
Project("{9A19103F-16F7-4668-BE54-9A1E7A4F7556}") = "BL.Students.Application.Test", "tests\BL.Students.Application.Test\BL.Students.Application.Test.csproj", "{05609C9F-75FF-4E16-ADC6-7308E2034C7D}"
EndProject
Project("{9A19103F-16F7-4668-BE54-9A1E7A4F7556}") = "BL.Students.Infrastructure.Test", "tests\BL.Students.Infrastructure.Test\BL.Students.Infrastructure.Test.csproj", "{D195E98C-9B21-4BE3-AF34-95274A7C6BEE}"
EndProject
Global
	GlobalSection(SolutionConfigurationPlatforms) = preSolution
		Debug|Any CPU = Debug|Any CPU
		Release|Any CPU = Release|Any CPU
	EndGlobalSection
	GlobalSection(ProjectConfigurationPlatforms) = postSolution
		{413CBA6E-B2B1-4860-8636-BEE55B9A2732}.Debug|Any CPU.ActiveCfg = Debug|Any CPU
		{413CBA6E-B2B1-4860-8636-BEE55B9A2732}.Debug|Any CPU.Build.0 = Debug|Any CPU
		{413CBA6E-B2B1-4860-8636-BEE55B9A2732}.Release|Any CPU.ActiveCfg = Release|Any CPU
		{413CBA6E-B2B1-4860-8636-BEE55B9A2732}.Release|Any CPU.Build.0 = Release|Any CPU
		{9D371CD9-F817-4A78-96D8-9AA98DA1AFC8}.Debug|Any CPU.ActiveCfg = Debug|Any CPU
		{9D371CD9-F817-4A78-96D8-9AA98DA1AFC8}.Debug|Any CPU.Build.0 = Debug|Any CPU
		{9D371CD9-F817-4A78-96D8-9AA98DA1AFC8}.Release|Any CPU.ActiveCfg = Release|Any CPU
		{9D371CD9-F817-4A78-96D8-9AA98DA1AFC8}.Release|Any CPU.Build.0 = Release|Any CPU
		{541C2C6C-3322-4EE3-BDAC-506B262A9A95}.Debug|Any CPU.ActiveCfg = Debug|Any CPU
		{541C2C6C-3322-4EE3-BDAC-506B262A9A95}.Debug|Any CPU.Build.0 = Debug|Any CPU
		{541C2C6C-3322-4EE3-BDAC-506B262A9A95}.Release|Any CPU.ActiveCfg = Release|Any CPU
		{541C2C6C-3322-4EE3-BDAC-506B262A9A95}.Release|Any CPU.Build.0 = Release|Any CPU
		{20D1DEFD-CD55-4ED2-9911-5E364E69BCD4}.Debug|Any CPU.ActiveCfg = Debug|Any CPU
		{20D1DEFD-CD55-4ED2-9911-5E364E69BCD4}.Debug|Any CPU.Build.0 = Debug|Any CPU
		{20D1DEFD-CD55-4ED2-9911-5E364E69BCD4}.Release|Any CPU.ActiveCfg = Release|Any CPU
		{20D1DEFD-CD55-4ED2-9911-5E364E69BCD4}.Release|Any CPU.Build.0 = Release|Any CPU
		{6435EA5C-59F0-46BC-9898-9E36A65BCC02}.Debug|Any CPU.ActiveCfg = Debug|Any CPU
		{6435EA5C-59F0-46BC-9898-9E36A65BCC02}.Debug|Any CPU.Build.0 = Debug|Any CPU
		{6435EA5C-59F0-46BC-9898-9E36A65BCC02}.Release|Any CPU.ActiveCfg = Release|Any CPU
		{6435EA5C-59F0-46BC-9898-9E36A65BCC02}.Release|Any CPU.Build.0 = Release|Any CPU
		{7C6048C4-E6B6-4E13-9427-C18C7510C29F}.Debug|Any CPU.ActiveCfg = Debug|Any CPU
		{7C6048C4-E6B6-4E13-9427-C18C7510C29F}.Debug|Any CPU.Build.0 = Debug|Any CPU
		{7C6048C4-E6B6-4E13-9427-C18C7510C29F}.Release|Any CPU.ActiveCfg = Release|Any CPU
		{7C6048C4-E6B6-4E13-9427-C18C7510C29F}.Release|Any CPU.Build.0 = Release|Any CPU
		{FE4FA4A1-4C68-4FD4-A489-6BD4E2D23B8D}.Debug|Any CPU.ActiveCfg = Debug|Any CPU
		{FE4FA4A1-4C68-4FD4-A489-6BD4E2D23B8D}.Debug|Any CPU.Build.0 = Debug|Any CPU
		{FE4FA4A1-4C68-4FD4-A489-6BD4E2D23B8D}.Release|Any CPU.ActiveCfg = Release|Any CPU
		{FE4FA4A1-4C68-4FD4-A489-6BD4E2D23B8D}.Release|Any CPU.Build.0 = Release|Any CPU
		{3B4A9983-EA6E-4A9A-A3C9-6C1CC1EC7F4B}.Debug|Any CPU.ActiveCfg = Debug|Any CPU
		{3B4A9983-EA6E-4A9A-A3C9-6C1CC1EC7F4B}.Debug|Any CPU.Build.0 = Debug|Any CPU
		{3B4A9983-EA6E-4A9A-A3C9-6C1CC1EC7F4B}.Release|Any CPU.ActiveCfg = Release|Any CPU
		{3B4A9983-EA6E-4A9A-A3C9-6C1CC1EC7F4B}.Release|Any CPU.Build.0 = Release|Any CPU
		{9F2ED3AF-9A69-4664-83D6-7C9C86B9A23A}.Debug|Any CPU.ActiveCfg = Debug|Any CPU
		{9F2ED3AF-9A69-4664-83D6-7C9C86B9A23A}.Debug|Any CPU.Build.0 = Debug|Any CPU
		{9F2ED3AF-9A69-4664-83D6-7C9C86B9A23A}.Release|Any CPU.ActiveCfg = Release|Any CPU
		{9F2ED3AF-9A69-4664-83D6-7C9C86B9A23A}.Release|Any CPU.Build.0 = Release|Any CPU
		{8C7D8209-6CC3-4037-8BB8-4519EB8B8728}.Debug|Any CPU.ActiveCfg = Debug|Any CPU
		{8C7D8209-6CC3-4037-8BB8-4519EB8B8728}.Debug|Any CPU.Build.0 = Debug|Any CPU
		{8C7D8209-6CC3-4037-8BB8-4519EB8B8728}.Release|Any CPU.ActiveCfg = Release|Any CPU
		{8C7D8209-6CC3-4037-8BB8-4519EB8B8728}.Release|Any CPU.Build.0 = Release|Any CPU
		{8DB4043C-B4E5-46EC-A7F7-37A3602EF95F}.Debug|Any CPU.ActiveCfg = Debug|Any CPU
		{8DB4043C-B4E5-46EC-A7F7-37A3602EF95F}.Debug|Any CPU.Build.0 = Debug|Any CPU
		{8DB4043C-B4E5-46EC-A7F7-37A3602EF95F}.Release|Any CPU.ActiveCfg = Release|Any CPU
		{8DB4043C-B4E5-46EC-A7F7-37A3602EF95F}.Release|Any CPU.Build.0 = Release|Any CPU
		{F1C346A3-D359-4490-97C3-52D5C69B41B5}.Debug|Any CPU.ActiveCfg = Debug|Any CPU
		{F1C346A3-D359-4490-97C3-52D5C69B41B5}.Debug|Any CPU.Build.0 = Debug|Any CPU
		{F1C346A3-D359-4490-97C3-52D5C69B41B5}.Release|Any CPU.ActiveCfg = Release|Any CPU
		{F1C346A3-D359-4490-97C3-52D5C69B41B5}.Release|Any CPU.Build.0 = Release|Any CPU
		{05609C9F-75FF-4E16-ADC6-7308E2034C7D}.Debug|Any CPU.ActiveCfg = Debug|Any CPU
		{05609C9F-75FF-4E16-ADC6-7308E2034C7D}.Debug|Any CPU.Build.0 = Debug|Any CPU
		{05609C9F-75FF-4E16-ADC6-7308E2034C7D}.Release|Any CPU.ActiveCfg = Release|Any CPU
		{05609C9F-75FF-4E16-ADC6-7308E2034C7D}.Release|Any CPU.Build.0 = Release|Any CPU
		{D195E98C-9B21-4BE3-AF34-95274A7C6BEE}.Debug|Any CPU.ActiveCfg = Debug|Any CPU
		{D195E98C-9B21-4BE3-AF34-95274A7C6BEE}.Debug|Any CPU.Build.0 = Debug|Any CPU
		{D195E98C-9B21-4BE3-AF34-95274A7C6BEE}.Release|Any CPU.ActiveCfg = Release|Any CPU
		{D195E98C-9B21-4BE3-AF34-95274A7C6BEE}.Release|Any CPU.Build.0 = Release|Any CPU
	EndGlobalSection
	GlobalSection(SolutionProperties) = preSolution
		HideSolutionNode = FALSE
	EndGlobalSection
	GlobalSection(NestedProjects) = preSolution
		{413CBA6E-B2B1-4860-8636-BEE55B9A2732} = {72619EA6-1475-450E-9B5E-0C57F25A806E}
		{9D371CD9-F817-4A78-96D8-9AA98DA1AFC8} = {72619EA6-1475-450E-9B5E-0C57F25A806E}
		{541C2C6C-3322-4EE3-BDAC-506B262A9A95} = {72619EA6-1475-450E-9B5E-0C57F25A806E}
		{20D1DEFD-CD55-4ED2-9911-5E364E69BCD4} = {72619EA6-1475-450E-9B5E-0C57F25A806E}
		{6435EA5C-59F0-46BC-9898-9E36A65BCC02} = {34E40DB0-1AEC-4FEB-9741-995170CD7764}
		{7C6048C4-E6B6-4E13-9427-C18C7510C29F} = {72619EA6-1475-450E-9B5E-0C57F25A806E}
		{FE4FA4A1-4C68-4FD4-A489-6BD4E2D23B8D} = {34E40DB0-1AEC-4FEB-9741-995170CD7764}
		{3B4A9983-EA6E-4A9A-A3C9-6C1CC1EC7F4B} = {34E40DB0-1AEC-4FEB-9741-995170CD7764}
		{9F2ED3AF-9A69-4664-83D6-7C9C86B9A23A} = {72619EA6-1475-450E-9B5E-0C57F25A806E}
		{8C7D8209-6CC3-4037-8BB8-4519EB8B8728} = {72619EA6-1475-450E-9B5E-0C57F25A806E}
		{8DB4043C-B4E5-46EC-A7F7-37A3602EF95F} = {72619EA6-1475-450E-9B5E-0C57F25A806E}
		{F1C346A3-D359-4490-97C3-52D5C69B41B5} = {34E40DB0-1AEC-4FEB-9741-995170CD7764}
		{05609C9F-75FF-4E16-ADC6-7308E2034C7D} = {34E40DB0-1AEC-4FEB-9741-995170CD7764}
		{D195E98C-9B21-4BE3-AF34-95274A7C6BEE} = {34E40DB0-1AEC-4FEB-9741-995170CD7764}
	EndGlobalSection
	GlobalSection(ExtensibilityGlobals) = postSolution
		SolutionGuid = {3ABC8C07-EBB9-4C04-9775-A93C25E66BEC}
	EndGlobalSection
EndGlobal
