
Microsoft Visual Studio Solution File, Format Version 12.00
# Visual Studio Version 17
VisualStudioVersion = 17.4.33122.133
MinimumVisualStudioVersion = 10.0.40219.1
Project("{9A19103F-16F7-4668-BE54-9A1E7A4F7556}") = "BL.Students.Api", "BL.Students.Api\BL.Students.Api.csproj", "{413CBA6E-B2B1-4860-8636-BEE55B9A2732}"
EndProject
Project("{9A19103F-16F7-4668-BE54-9A1E7A4F7556}") = "BL.Users.Api", "BL.Users.Api\BL.Users.Api.csproj", "{BAEAE567-A050-41B7-9F32-DAAE81FA7C5E}"
EndProject
Project("{FAE04EC0-301F-11D3-BF4B-00C04F79EFBC}") = "BL.IdentityServer", "BL.IdentityServer\BL.IdentityServer.csproj", "{9D371CD9-F817-4A78-96D8-9AA98DA1AFC8}"
EndProject
Global
	GlobalSection(SolutionConfigurationPlatforms) = preSolution
		Debug|Any CPU = Debug|Any CPU
		Release|Any CPU = Release|Any CPU
	EndGlobalSection
	GlobalSection(ProjectConfigurationPlatforms) = postSolution
		{413CBA6E-B2B1-4860-8636-BEE55B9A2732}.Debug|Any CPU.ActiveCfg = Debug|Any CPU
		{413CBA6E-B2B1-4860-8636-BEE55B9A2732}.Debug|Any CPU.Build.0 = Debug|Any CPU
		{413CBA6E-B2B1-4860-8636-BEE55B9A2732}.Release|Any CPU.ActiveCfg = Release|Any CPU
		{413CBA6E-B2B1-4860-8636-BEE55B9A2732}.Release|Any CPU.Build.0 = Release|Any CPU
		{BAEAE567-A050-41B7-9F32-DAAE81FA7C5E}.Debug|Any CPU.ActiveCfg = Debug|Any CPU
		{BAEAE567-A050-41B7-9F32-DAAE81FA7C5E}.Debug|Any CPU.Build.0 = Debug|Any CPU
		{BAEAE567-A050-41B7-9F32-DAAE81FA7C5E}.Release|Any CPU.ActiveCfg = Release|Any CPU
		{BAEAE567-A050-41B7-9F32-DAAE81FA7C5E}.Release|Any CPU.Build.0 = Release|Any CPU
		{9D371CD9-F817-4A78-96D8-9AA98DA1AFC8}.Debug|Any CPU.ActiveCfg = Debug|Any CPU
		{9D371CD9-F817-4A78-96D8-9AA98DA1AFC8}.Debug|Any CPU.Build.0 = Debug|Any CPU
		{9D371CD9-F817-4A78-96D8-9AA98DA1AFC8}.Release|Any CPU.ActiveCfg = Release|Any CPU
		{9D371CD9-F817-4A78-96D8-9AA98DA1AFC8}.Release|Any CPU.Build.0 = Release|Any CPU
	EndGlobalSection
	GlobalSection(SolutionProperties) = preSolution
		HideSolutionNode = FALSE
	EndGlobalSection
	GlobalSection(ExtensibilityGlobals) = postSolution
		SolutionGuid = {3ABC8C07-EBB9-4C04-9775-A93C25E66BEC}
	EndGlobalSection
EndGlobal
